
Microsoft Visual Studio Solution File, Format Version 12.00
# Visual Studio Version 17
VisualStudioVersion = 17.0.32014.148
MinimumVisualStudioVersion = 10.0.40219.1
Project("{FAE04EC0-301F-11D3-BF4B-00C04F79EFBC}") = "OOPLABPROJECT2", "OOPLABPROJECT2\OOPLABPROJECT2.csproj", "{62D8DE1D-095B-481B-BE3F-43EA7FD3F9DD}"
EndProject
Global
	GlobalSection(SolutionConfigurationPlatforms) = preSolution
		Debug|Any CPU = Debug|Any CPU
		Release|Any CPU = Release|Any CPU
	EndGlobalSection
	GlobalSection(ProjectConfigurationPlatforms) = postSolution
		{62D8DE1D-095B-481B-BE3F-43EA7FD3F9DD}.Debug|Any CPU.ActiveCfg = Debug|Any CPU
		{62D8DE1D-095B-481B-BE3F-43EA7FD3F9DD}.Debug|Any CPU.Build.0 = Debug|Any CPU
		{62D8DE1D-095B-481B-BE3F-43EA7FD3F9DD}.Release|Any CPU.ActiveCfg = Release|Any CPU
		{62D8DE1D-095B-481B-BE3F-43EA7FD3F9DD}.Release|Any CPU.Build.0 = Release|Any CPU
	EndGlobalSection
	GlobalSection(SolutionProperties) = preSolution
		HideSolutionNode = FALSE
	EndGlobalSection
	GlobalSection(ExtensibilityGlobals) = postSolution
		SolutionGuid = {A0B17303-CEB6-4EE8-A9A6-1B775011E733}
	EndGlobalSection
EndGlobal
